
Microsoft Visual Studio Solution File, Format Version 12.00
# Visual Studio 15
VisualStudioVersion = 15.0.28307.136
MinimumVisualStudioVersion = 10.0.40219.1
Project("{FAE04EC0-301F-11D3-BF4B-00C04F79EFBC}") = "RubyServer", "RubyServer\RubyServer.csproj", "{21EDB7AA-B882-4F17-9B49-2A52383C6BAA}"
EndProject
Global
	GlobalSection(SolutionConfigurationPlatforms) = preSolution
		Debug|Any CPU = Debug|Any CPU
		Release|Any CPU = Release|Any CPU
	EndGlobalSection
	GlobalSection(ProjectConfigurationPlatforms) = postSolution
		{21EDB7AA-B882-4F17-9B49-2A52383C6BAA}.Debug|Any CPU.ActiveCfg = Debug|Any CPU
		{21EDB7AA-B882-4F17-9B49-2A52383C6BAA}.Debug|Any CPU.Build.0 = Debug|Any CPU
		{21EDB7AA-B882-4F17-9B49-2A52383C6BAA}.Release|Any CPU.ActiveCfg = Release|Any CPU
		{21EDB7AA-B882-4F17-9B49-2A52383C6BAA}.Release|Any CPU.Build.0 = Release|Any CPU
	EndGlobalSection
	GlobalSection(SolutionProperties) = preSolution
		HideSolutionNode = FALSE
	EndGlobalSection
	GlobalSection(ExtensibilityGlobals) = postSolution
		SolutionGuid = {8FEAA764-8E02-4E1B-ACA0-1F13D911C385}
	EndGlobalSection
EndGlobal
