
Microsoft Visual Studio Solution File, Format Version 12.00
# Visual Studio 15
VisualStudioVersion = 15.0.28307.136
MinimumVisualStudioVersion = 10.0.40219.1
Project("{FAE04EC0-301F-11D3-BF4B-00C04F79EFBC}") = "RubyClient", "RubyClient\RubyClient.csproj", "{523386A6-C464-4176-BAA5-446708A5AEE0}"
EndProject
Global
	GlobalSection(SolutionConfigurationPlatforms) = preSolution
		Debug|Any CPU = Debug|Any CPU
		Release|Any CPU = Release|Any CPU
	EndGlobalSection
	GlobalSection(ProjectConfigurationPlatforms) = postSolution
		{523386A6-C464-4176-BAA5-446708A5AEE0}.Debug|Any CPU.ActiveCfg = Debug|Any CPU
		{523386A6-C464-4176-BAA5-446708A5AEE0}.Debug|Any CPU.Build.0 = Debug|Any CPU
		{523386A6-C464-4176-BAA5-446708A5AEE0}.Release|Any CPU.ActiveCfg = Release|Any CPU
		{523386A6-C464-4176-BAA5-446708A5AEE0}.Release|Any CPU.Build.0 = Release|Any CPU
	EndGlobalSection
	GlobalSection(SolutionProperties) = preSolution
		HideSolutionNode = FALSE
	EndGlobalSection
	GlobalSection(ExtensibilityGlobals) = postSolution
		SolutionGuid = {32F5A2DF-FAF5-40D4-A76C-16A2F839AFBC}
	EndGlobalSection
EndGlobal
